// !$*UTF8*$!
{
	archiveVersion = 1;
	classes = {
	};
	objectVersion = 52;
	objects = {

/* Begin PBXBuildFile section */
		1A36F29C2792C81C00AD5C8B /* LaundryHouse.swift in Sources */ = {isa = PBXBuildFile; fileRef = 1A36F29B2792C81B00AD5C8B /* LaundryHouse.swift */; };
		1A64596D279363E200039A4E /* Manager.swift in Sources */ = {isa = PBXBuildFile; fileRef = 1A64596C279363E200039A4E /* Manager.swift */; };
		5864CF0E2792BADA00978283 /* SignIn.swift in Sources */ = {isa = PBXBuildFile; fileRef = 5864CF0D2792BADA00978283 /* SignIn.swift */; };
		5864CF102792BAE700978283 /* SignUp.swift in Sources */ = {isa = PBXBuildFile; fileRef = 5864CF0F2792BAE700978283 /* SignUp.swift */; };
		5864CF122792BAF600978283 /* HomeScreen.swift in Sources */ = {isa = PBXBuildFile; fileRef = 5864CF112792BAF600978283 /* HomeScreen.swift */; };
		5864CF142792BBD100978283 /* GoogleService-Info.plist in Resources */ = {isa = PBXBuildFile; fileRef = 5864CF132792BBD100978283 /* GoogleService-Info.plist */; };
		58A7B8D6279356EA00D73A66 /* Listings.swift in Sources */ = {isa = PBXBuildFile; fileRef = 58A7B8D5279356EA00D73A66 /* Listings.swift */; };
		58A7B8D8279356F100D73A66 /* Settings.swift in Sources */ = {isa = PBXBuildFile; fileRef = 58A7B8D7279356F100D73A66 /* Settings.swift */; };
		58A7B8DA279356FB00D73A66 /* CreateListing.swift in Sources */ = {isa = PBXBuildFile; fileRef = 58A7B8D9279356FA00D73A66 /* CreateListing.swift */; };
		58A7B8DC27936BD400D73A66 /* Repository.swift in Sources */ = {isa = PBXBuildFile; fileRef = 58A7B8DB27936BD400D73A66 /* Repository.swift */; };
		58A7B8DF27936CBB00D73A66 /* FirebaseAuthCombine-Community in Frameworks */ = {isa = PBXBuildFile; productRef = 58A7B8DE27936CBB00D73A66 /* FirebaseAuthCombine-Community */; };
		58A7B8E127936CBB00D73A66 /* FirebaseMessaging in Frameworks */ = {isa = PBXBuildFile; productRef = 58A7B8E027936CBB00D73A66 /* FirebaseMessaging */; };
		58A7B8E327936CBB00D73A66 /* FirebaseInAppMessagingSwift-Beta in Frameworks */ = {isa = PBXBuildFile; productRef = 58A7B8E227936CBB00D73A66 /* FirebaseInAppMessagingSwift-Beta */; };
		58A7B8E527936CBB00D73A66 /* FirebaseStorageCombine-Community in Frameworks */ = {isa = PBXBuildFile; productRef = 58A7B8E427936CBB00D73A66 /* FirebaseStorageCombine-Community */; };
		58A7B8E727936CBB00D73A66 /* FirebaseStorageSwift-Beta in Frameworks */ = {isa = PBXBuildFile; productRef = 58A7B8E627936CBB00D73A66 /* FirebaseStorageSwift-Beta */; };
		58A7B8E927936CBB00D73A66 /* FirebaseInAppMessaging-Beta in Frameworks */ = {isa = PBXBuildFile; productRef = 58A7B8E827936CBB00D73A66 /* FirebaseInAppMessaging-Beta */; };
		58A7B8EB27936CBB00D73A66 /* FirebaseFirestoreSwift-Beta in Frameworks */ = {isa = PBXBuildFile; productRef = 58A7B8EA27936CBB00D73A66 /* FirebaseFirestoreSwift-Beta */; };
		58A7B8ED27936CBB00D73A66 /* FirebaseDatabaseSwift-Beta in Frameworks */ = {isa = PBXBuildFile; productRef = 58A7B8EC27936CBB00D73A66 /* FirebaseDatabaseSwift-Beta */; };
		58A7B8EF27936CBB00D73A66 /* FirebaseAnalytics in Frameworks */ = {isa = PBXBuildFile; productRef = 58A7B8EE27936CBB00D73A66 /* FirebaseAnalytics */; };
		58A7B8F127936CBB00D73A66 /* FirebaseStorage in Frameworks */ = {isa = PBXBuildFile; productRef = 58A7B8F027936CBB00D73A66 /* FirebaseStorage */; };
		58A7B8F327936CBB00D73A66 /* FirebaseFirestore in Frameworks */ = {isa = PBXBuildFile; productRef = 58A7B8F227936CBB00D73A66 /* FirebaseFirestore */; };
		58A7B8F527936CBB00D73A66 /* FirebaseDatabase in Frameworks */ = {isa = PBXBuildFile; productRef = 58A7B8F427936CBB00D73A66 /* FirebaseDatabase */; };
		58A7B8F727936CBB00D73A66 /* FirebaseAuth in Frameworks */ = {isa = PBXBuildFile; productRef = 58A7B8F627936CBB00D73A66 /* FirebaseAuth */; };
		58A7B8F927936CBB00D73A66 /* FirebaseFirestoreCombine-Community in Frameworks */ = {isa = PBXBuildFile; productRef = 58A7B8F827936CBB00D73A66 /* FirebaseFirestoreCombine-Community */; };
		58A7B8FB27936EE800D73A66 /* Offer.swift in Sources */ = {isa = PBXBuildFile; fileRef = 58A7B8FA27936EE800D73A66 /* Offer.swift */; };
		58A7B8FD2793725300D73A66 /* ListingsViewModel.swift in Sources */ = {isa = PBXBuildFile; fileRef = 58A7B8FC2793725300D73A66 /* ListingsViewModel.swift */; };
		58CD48B6279142CE005CB6EB /* LaundryAppApp.swift in Sources */ = {isa = PBXBuildFile; fileRef = 58CD48B5279142CE005CB6EB /* LaundryAppApp.swift */; };
		58CD48B8279142CE005CB6EB /* Title.swift in Sources */ = {isa = PBXBuildFile; fileRef = 58CD48B7279142CE005CB6EB /* Title.swift */; };
		58CD48BA279142CF005CB6EB /* Assets.xcassets in Resources */ = {isa = PBXBuildFile; fileRef = 58CD48B9279142CF005CB6EB /* Assets.xcassets */; };
		58CD48BD279142CF005CB6EB /* Preview Assets.xcassets in Resources */ = {isa = PBXBuildFile; fileRef = 58CD48BC279142CF005CB6EB /* Preview Assets.xcassets */; };
/* End PBXBuildFile section */

/* Begin PBXFileReference section */
		1A36F29B2792C81B00AD5C8B /* LaundryHouse.swift */ = {isa = PBXFileReference; lastKnownFileType = sourcecode.swift; path = LaundryHouse.swift; sourceTree = "<group>"; };
		1A64596C279363E200039A4E /* Manager.swift */ = {isa = PBXFileReference; lastKnownFileType = sourcecode.swift; path = Manager.swift; sourceTree = "<group>"; };
		5864CF0D2792BADA00978283 /* SignIn.swift */ = {isa = PBXFileReference; lastKnownFileType = sourcecode.swift; path = SignIn.swift; sourceTree = "<group>"; };
		5864CF0F2792BAE700978283 /* SignUp.swift */ = {isa = PBXFileReference; lastKnownFileType = sourcecode.swift; path = SignUp.swift; sourceTree = "<group>"; };
		5864CF112792BAF600978283 /* HomeScreen.swift */ = {isa = PBXFileReference; lastKnownFileType = sourcecode.swift; path = HomeScreen.swift; sourceTree = "<group>"; };
		5864CF132792BBD100978283 /* GoogleService-Info.plist */ = {isa = PBXFileReference; fileEncoding = 4; lastKnownFileType = text.plist.xml; path = "GoogleService-Info.plist"; sourceTree = "<group>"; };
		58A7B8D5279356EA00D73A66 /* Listings.swift */ = {isa = PBXFileReference; lastKnownFileType = sourcecode.swift; path = Listings.swift; sourceTree = "<group>"; };
		58A7B8D7279356F100D73A66 /* Settings.swift */ = {isa = PBXFileReference; lastKnownFileType = sourcecode.swift; path = Settings.swift; sourceTree = "<group>"; };
		58A7B8D9279356FA00D73A66 /* CreateListing.swift */ = {isa = PBXFileReference; lastKnownFileType = sourcecode.swift; path = CreateListing.swift; sourceTree = "<group>"; };
		58A7B8DB27936BD400D73A66 /* Repository.swift */ = {isa = PBXFileReference; lastKnownFileType = sourcecode.swift; path = Repository.swift; sourceTree = "<group>"; };
		58A7B8FA27936EE800D73A66 /* Offer.swift */ = {isa = PBXFileReference; lastKnownFileType = sourcecode.swift; path = Offer.swift; sourceTree = "<group>"; };
		58A7B8FC2793725300D73A66 /* ListingsViewModel.swift */ = {isa = PBXFileReference; lastKnownFileType = sourcecode.swift; path = ListingsViewModel.swift; sourceTree = "<group>"; };
		58CD48B2279142CE005CB6EB /* LaundryApp.app */ = {isa = PBXFileReference; explicitFileType = wrapper.application; includeInIndex = 0; path = LaundryApp.app; sourceTree = BUILT_PRODUCTS_DIR; };
		58CD48B5279142CE005CB6EB /* LaundryAppApp.swift */ = {isa = PBXFileReference; lastKnownFileType = sourcecode.swift; path = LaundryAppApp.swift; sourceTree = "<group>"; };
		58CD48B7279142CE005CB6EB /* Title.swift */ = {isa = PBXFileReference; lastKnownFileType = sourcecode.swift; path = Title.swift; sourceTree = "<group>"; };
		58CD48B9279142CF005CB6EB /* Assets.xcassets */ = {isa = PBXFileReference; lastKnownFileType = folder.assetcatalog; path = Assets.xcassets; sourceTree = "<group>"; };
		58CD48BC279142CF005CB6EB /* Preview Assets.xcassets */ = {isa = PBXFileReference; lastKnownFileType = folder.assetcatalog; path = "Preview Assets.xcassets"; sourceTree = "<group>"; };
		58CD48BE279142CF005CB6EB /* Info.plist */ = {isa = PBXFileReference; lastKnownFileType = text.plist.xml; path = Info.plist; sourceTree = "<group>"; };
/* End PBXFileReference section */

/* Begin PBXFrameworksBuildPhase section */
		58CD48AF279142CD005CB6EB /* Frameworks */ = {
			isa = PBXFrameworksBuildPhase;
			buildActionMask = 2147483647;
			files = (
				58A7B8E727936CBB00D73A66 /* FirebaseStorageSwift-Beta in Frameworks */,
				58A7B8E127936CBB00D73A66 /* FirebaseMessaging in Frameworks */,
				58A7B8EB27936CBB00D73A66 /* FirebaseFirestoreSwift-Beta in Frameworks */,
				58A7B8F127936CBB00D73A66 /* FirebaseStorage in Frameworks */,
				58A7B8E327936CBB00D73A66 /* FirebaseInAppMessagingSwift-Beta in Frameworks */,
				58A7B8E527936CBB00D73A66 /* FirebaseStorageCombine-Community in Frameworks */,
				58A7B8F527936CBB00D73A66 /* FirebaseDatabase in Frameworks */,
				58A7B8DF27936CBB00D73A66 /* FirebaseAuthCombine-Community in Frameworks */,
				58A7B8ED27936CBB00D73A66 /* FirebaseDatabaseSwift-Beta in Frameworks */,
				58A7B8E927936CBB00D73A66 /* FirebaseInAppMessaging-Beta in Frameworks */,
				58A7B8F727936CBB00D73A66 /* FirebaseAuth in Frameworks */,
				58A7B8F327936CBB00D73A66 /* FirebaseFirestore in Frameworks */,
				58A7B8EF27936CBB00D73A66 /* FirebaseAnalytics in Frameworks */,
				58A7B8F927936CBB00D73A66 /* FirebaseFirestoreCombine-Community in Frameworks */,
			);
			runOnlyForDeploymentPostprocessing = 0;
		};
/* End PBXFrameworksBuildPhase section */

/* Begin PBXGroup section */
		58CD48A9279142CD005CB6EB = {
			isa = PBXGroup;
			children = (
				58CD48B4279142CE005CB6EB /* LaundryApp */,
				58CD48B3279142CE005CB6EB /* Products */,
			);
			sourceTree = "<group>";
		};
		58CD48B3279142CE005CB6EB /* Products */ = {
			isa = PBXGroup;
			children = (
				58CD48B2279142CE005CB6EB /* LaundryApp.app */,
			);
			name = Products;
			sourceTree = "<group>";
		};
		58CD48B4279142CE005CB6EB /* LaundryApp */ = {
			isa = PBXGroup;
			children = (
				58CD48B5279142CE005CB6EB /* LaundryAppApp.swift */,
				58CD48B7279142CE005CB6EB /* Title.swift */,
				5864CF0D2792BADA00978283 /* SignIn.swift */,
				5864CF0F2792BAE700978283 /* SignUp.swift */,
				58A7B8DB27936BD400D73A66 /* Repository.swift */,
				58A7B8FA27936EE800D73A66 /* Offer.swift */,
				58A7B8FC2793725300D73A66 /* ListingsViewModel.swift */,
				5864CF112792BAF600978283 /* HomeScreen.swift */,
				58A7B8D7279356F100D73A66 /* Settings.swift */,
				58A7B8D5279356EA00D73A66 /* Listings.swift */,
				1A64596C279363E200039A4E /* Manager.swift */,
				58A7B8D9279356FA00D73A66 /* CreateListing.swift */,
				1A36F29B2792C81B00AD5C8B /* LaundryHouse.swift */,
				58CD48B9279142CF005CB6EB /* Assets.xcassets */,
				58CD48BE279142CF005CB6EB /* Info.plist */,
				5864CF132792BBD100978283 /* GoogleService-Info.plist */,
				58CD48BB279142CF005CB6EB /* Preview Content */,
			);
			path = LaundryApp;
			sourceTree = "<group>";
		};
		58CD48BB279142CF005CB6EB /* Preview Content */ = {
			isa = PBXGroup;
			children = (
				58CD48BC279142CF005CB6EB /* Preview Assets.xcassets */,
			);
			path = "Preview Content";
			sourceTree = "<group>";
		};
/* End PBXGroup section */

/* Begin PBXNativeTarget section */
		58CD48B1279142CD005CB6EB /* LaundryApp */ = {
			isa = PBXNativeTarget;
			buildConfigurationList = 58CD48C1279142CF005CB6EB /* Build configuration list for PBXNativeTarget "LaundryApp" */;
			buildPhases = (
				58CD48AE279142CD005CB6EB /* Sources */,
				58CD48AF279142CD005CB6EB /* Frameworks */,
				58CD48B0279142CD005CB6EB /* Resources */,
			);
			buildRules = (
			);
			dependencies = (
			);
			name = LaundryApp;
			packageProductDependencies = (
				58A7B8DE27936CBB00D73A66 /* FirebaseAuthCombine-Community */,
				58A7B8E027936CBB00D73A66 /* FirebaseMessaging */,
				58A7B8E227936CBB00D73A66 /* FirebaseInAppMessagingSwift-Beta */,
				58A7B8E427936CBB00D73A66 /* FirebaseStorageCombine-Community */,
				58A7B8E627936CBB00D73A66 /* FirebaseStorageSwift-Beta */,
				58A7B8E827936CBB00D73A66 /* FirebaseInAppMessaging-Beta */,
				58A7B8EA27936CBB00D73A66 /* FirebaseFirestoreSwift-Beta */,
				58A7B8EC27936CBB00D73A66 /* FirebaseDatabaseSwift-Beta */,
				58A7B8EE27936CBB00D73A66 /* FirebaseAnalytics */,
				58A7B8F027936CBB00D73A66 /* FirebaseStorage */,
				58A7B8F227936CBB00D73A66 /* FirebaseFirestore */,
				58A7B8F427936CBB00D73A66 /* FirebaseDatabase */,
				58A7B8F627936CBB00D73A66 /* FirebaseAuth */,
				58A7B8F827936CBB00D73A66 /* FirebaseFirestoreCombine-Community */,
			);
			productName = LaundryApp;
			productReference = 58CD48B2279142CE005CB6EB /* LaundryApp.app */;
			productType = "com.apple.product-type.application";
		};
/* End PBXNativeTarget section */

/* Begin PBXProject section */
		58CD48AA279142CD005CB6EB /* Project object */ = {
			isa = PBXProject;
			attributes = {
				LastSwiftUpdateCheck = 1250;
				LastUpgradeCheck = 1250;
				TargetAttributes = {
					58CD48B1279142CD005CB6EB = {
						CreatedOnToolsVersion = 12.5.1;
					};
				};
			};
			buildConfigurationList = 58CD48AD279142CD005CB6EB /* Build configuration list for PBXProject "LaundryApp" */;
			compatibilityVersion = "Xcode 9.3";
			developmentRegion = en;
			hasScannedForEncodings = 0;
			knownRegions = (
				en,
				Base,
			);
			mainGroup = 58CD48A9279142CD005CB6EB;
			packageReferences = (
				58A7B8DD27936CBB00D73A66 /* XCRemoteSwiftPackageReference "firebase-ios-sdk" */,
			);
			productRefGroup = 58CD48B3279142CE005CB6EB /* Products */;
			projectDirPath = "";
			projectRoot = "";
			targets = (
				58CD48B1279142CD005CB6EB /* LaundryApp */,
			);
		};
/* End PBXProject section */

/* Begin PBXResourcesBuildPhase section */
		58CD48B0279142CD005CB6EB /* Resources */ = {
			isa = PBXResourcesBuildPhase;
			buildActionMask = 2147483647;
			files = (
				5864CF142792BBD100978283 /* GoogleService-Info.plist in Resources */,
				58CD48BD279142CF005CB6EB /* Preview Assets.xcassets in Resources */,
				58CD48BA279142CF005CB6EB /* Assets.xcassets in Resources */,
			);
			runOnlyForDeploymentPostprocessing = 0;
		};
/* End PBXResourcesBuildPhase section */

/* Begin PBXSourcesBuildPhase section */
		58CD48AE279142CD005CB6EB /* Sources */ = {
			isa = PBXSourcesBuildPhase;
			buildActionMask = 2147483647;
			files = (
				58A7B8FB27936EE800D73A66 /* Offer.swift in Sources */,
				58A7B8FD2793725300D73A66 /* ListingsViewModel.swift in Sources */,
				58A7B8D6279356EA00D73A66 /* Listings.swift in Sources */,
				58CD48B8279142CE005CB6EB /* Title.swift in Sources */,
				58A7B8D8279356F100D73A66 /* Settings.swift in Sources */,
				5864CF122792BAF600978283 /* HomeScreen.swift in Sources */,
				5864CF102792BAE700978283 /* SignUp.swift in Sources */,
				58A7B8DC27936BD400D73A66 /* Repository.swift in Sources */,
				58A7B8DA279356FB00D73A66 /* CreateListing.swift in Sources */,
				5864CF0E2792BADA00978283 /* SignIn.swift in Sources */,
				1A36F29C2792C81C00AD5C8B /* LaundryHouse.swift in Sources */,
				58CD48B6279142CE005CB6EB /* LaundryAppApp.swift in Sources */,
				1A64596D279363E200039A4E /* Manager.swift in Sources */,
			);
			runOnlyForDeploymentPostprocessing = 0;
		};
/* End PBXSourcesBuildPhase section */

/* Begin XCBuildConfiguration section */
		58CD48BF279142CF005CB6EB /* Debug */ = {
			isa = XCBuildConfiguration;
			buildSettings = {
				ALWAYS_SEARCH_USER_PATHS = NO;
				CLANG_ANALYZER_NONNULL = YES;
				CLANG_ANALYZER_NUMBER_OBJECT_CONVERSION = YES_AGGRESSIVE;
				CLANG_CXX_LANGUAGE_STANDARD = "gnu++14";
				CLANG_CXX_LIBRARY = "libc++";
				CLANG_ENABLE_MODULES = YES;
				CLANG_ENABLE_OBJC_ARC = YES;
				CLANG_ENABLE_OBJC_WEAK = YES;
				CLANG_WARN_BLOCK_CAPTURE_AUTORELEASING = YES;
				CLANG_WARN_BOOL_CONVERSION = YES;
				CLANG_WARN_COMMA = YES;
				CLANG_WARN_CONSTANT_CONVERSION = YES;
				CLANG_WARN_DEPRECATED_OBJC_IMPLEMENTATIONS = YES;
				CLANG_WARN_DIRECT_OBJC_ISA_USAGE = YES_ERROR;
				CLANG_WARN_DOCUMENTATION_COMMENTS = YES;
				CLANG_WARN_EMPTY_BODY = YES;
				CLANG_WARN_ENUM_CONVERSION = YES;
				CLANG_WARN_INFINITE_RECURSION = YES;
				CLANG_WARN_INT_CONVERSION = YES;
				CLANG_WARN_NON_LITERAL_NULL_CONVERSION = YES;
				CLANG_WARN_OBJC_IMPLICIT_RETAIN_SELF = YES;
				CLANG_WARN_OBJC_LITERAL_CONVERSION = YES;
				CLANG_WARN_OBJC_ROOT_CLASS = YES_ERROR;
				CLANG_WARN_QUOTED_INCLUDE_IN_FRAMEWORK_HEADER = YES;
				CLANG_WARN_RANGE_LOOP_ANALYSIS = YES;
				CLANG_WARN_STRICT_PROTOTYPES = YES;
				CLANG_WARN_SUSPICIOUS_MOVE = YES;
				CLANG_WARN_UNGUARDED_AVAILABILITY = YES_AGGRESSIVE;
				CLANG_WARN_UNREACHABLE_CODE = YES;
				CLANG_WARN__DUPLICATE_METHOD_MATCH = YES;
				COPY_PHASE_STRIP = NO;
				DEBUG_INFORMATION_FORMAT = dwarf;
				ENABLE_STRICT_OBJC_MSGSEND = YES;
				ENABLE_TESTABILITY = YES;
				GCC_C_LANGUAGE_STANDARD = gnu11;
				GCC_DYNAMIC_NO_PIC = NO;
				GCC_NO_COMMON_BLOCKS = YES;
				GCC_OPTIMIZATION_LEVEL = 0;
				GCC_PREPROCESSOR_DEFINITIONS = (
					"DEBUG=1",
					"$(inherited)",
				);
				GCC_WARN_64_TO_32_BIT_CONVERSION = YES;
				GCC_WARN_ABOUT_RETURN_TYPE = YES_ERROR;
				GCC_WARN_UNDECLARED_SELECTOR = YES;
				GCC_WARN_UNINITIALIZED_AUTOS = YES_AGGRESSIVE;
				GCC_WARN_UNUSED_FUNCTION = YES;
				GCC_WARN_UNUSED_VARIABLE = YES;
				IPHONEOS_DEPLOYMENT_TARGET = 14.5;
				MTL_ENABLE_DEBUG_INFO = INCLUDE_SOURCE;
				MTL_FAST_MATH = YES;
				ONLY_ACTIVE_ARCH = YES;
				SDKROOT = iphoneos;
				SWIFT_ACTIVE_COMPILATION_CONDITIONS = DEBUG;
				SWIFT_OPTIMIZATION_LEVEL = "-Onone";
			};
			name = Debug;
		};
		58CD48C0279142CF005CB6EB /* Release */ = {
			isa = XCBuildConfiguration;
			buildSettings = {
				ALWAYS_SEARCH_USER_PATHS = NO;
				CLANG_ANALYZER_NONNULL = YES;
				CLANG_ANALYZER_NUMBER_OBJECT_CONVERSION = YES_AGGRESSIVE;
				CLANG_CXX_LANGUAGE_STANDARD = "gnu++14";
				CLANG_CXX_LIBRARY = "libc++";
				CLANG_ENABLE_MODULES = YES;
				CLANG_ENABLE_OBJC_ARC = YES;
				CLANG_ENABLE_OBJC_WEAK = YES;
				CLANG_WARN_BLOCK_CAPTURE_AUTORELEASING = YES;
				CLANG_WARN_BOOL_CONVERSION = YES;
				CLANG_WARN_COMMA = YES;
				CLANG_WARN_CONSTANT_CONVERSION = YES;
				CLANG_WARN_DEPRECATED_OBJC_IMPLEMENTATIONS = YES;
				CLANG_WARN_DIRECT_OBJC_ISA_USAGE = YES_ERROR;
				CLANG_WARN_DOCUMENTATION_COMMENTS = YES;
				CLANG_WARN_EMPTY_BODY = YES;
				CLANG_WARN_ENUM_CONVERSION = YES;
				CLANG_WARN_INFINITE_RECURSION = YES;
				CLANG_WARN_INT_CONVERSION = YES;
				CLANG_WARN_NON_LITERAL_NULL_CONVERSION = YES;
				CLANG_WARN_OBJC_IMPLICIT_RETAIN_SELF = YES;
				CLANG_WARN_OBJC_LITERAL_CONVERSION = YES;
				CLANG_WARN_OBJC_ROOT_CLASS = YES_ERROR;
				CLANG_WARN_QUOTED_INCLUDE_IN_FRAMEWORK_HEADER = YES;
				CLANG_WARN_RANGE_LOOP_ANALYSIS = YES;
				CLANG_WARN_STRICT_PROTOTYPES = YES;
				CLANG_WARN_SUSPICIOUS_MOVE = YES;
				CLANG_WARN_UNGUARDED_AVAILABILITY = YES_AGGRESSIVE;
				CLANG_WARN_UNREACHABLE_CODE = YES;
				CLANG_WARN__DUPLICATE_METHOD_MATCH = YES;
				COPY_PHASE_STRIP = NO;
				DEBUG_INFORMATION_FORMAT = "dwarf-with-dsym";
				ENABLE_NS_ASSERTIONS = NO;
				ENABLE_STRICT_OBJC_MSGSEND = YES;
				GCC_C_LANGUAGE_STANDARD = gnu11;
				GCC_NO_COMMON_BLOCKS = YES;
				GCC_WARN_64_TO_32_BIT_CONVERSION = YES;
				GCC_WARN_ABOUT_RETURN_TYPE = YES_ERROR;
				GCC_WARN_UNDECLARED_SELECTOR = YES;
				GCC_WARN_UNINITIALIZED_AUTOS = YES_AGGRESSIVE;
				GCC_WARN_UNUSED_FUNCTION = YES;
				GCC_WARN_UNUSED_VARIABLE = YES;
				IPHONEOS_DEPLOYMENT_TARGET = 14.5;
				MTL_ENABLE_DEBUG_INFO = NO;
				MTL_FAST_MATH = YES;
				SDKROOT = iphoneos;
				SWIFT_COMPILATION_MODE = wholemodule;
				SWIFT_OPTIMIZATION_LEVEL = "-O";
				VALIDATE_PRODUCT = YES;
			};
			name = Release;
		};
		58CD48C2279142CF005CB6EB /* Debug */ = {
			isa = XCBuildConfiguration;
			buildSettings = {
				ASSETCATALOG_COMPILER_APPICON_NAME = AppIcon;
				ASSETCATALOG_COMPILER_GLOBAL_ACCENT_COLOR_NAME = AccentColor;
				CODE_SIGN_STYLE = Automatic;
				DEVELOPMENT_ASSET_PATHS = "\"LaundryApp/Preview Content\"";
				DEVELOPMENT_TEAM = ZC9M5VV47F;
				ENABLE_PREVIEWS = YES;
				INFOPLIST_FILE = LaundryApp/Info.plist;
				IPHONEOS_DEPLOYMENT_TARGET = 14.0;
				LD_RUNPATH_SEARCH_PATHS = (
					"$(inherited)",
					"@executable_path/Frameworks",
				);
				PRODUCT_BUNDLE_IDENTIFIER = com.granthough.LaundryApp;
				PRODUCT_NAME = "$(TARGET_NAME)";
				SWIFT_VERSION = 5.0;
				TARGETED_DEVICE_FAMILY = "1,2";
			};
			name = Debug;
		};
		58CD48C3279142CF005CB6EB /* Release */ = {
			isa = XCBuildConfiguration;
			buildSettings = {
				ASSETCATALOG_COMPILER_APPICON_NAME = AppIcon;
				ASSETCATALOG_COMPILER_GLOBAL_ACCENT_COLOR_NAME = AccentColor;
				CODE_SIGN_STYLE = Automatic;
				DEVELOPMENT_ASSET_PATHS = "\"LaundryApp/Preview Content\"";
				DEVELOPMENT_TEAM = ZC9M5VV47F;
				ENABLE_PREVIEWS = YES;
				INFOPLIST_FILE = LaundryApp/Info.plist;
				IPHONEOS_DEPLOYMENT_TARGET = 14.0;
				LD_RUNPATH_SEARCH_PATHS = (
					"$(inherited)",
					"@executable_path/Frameworks",
				);
				PRODUCT_BUNDLE_IDENTIFIER = com.granthough.LaundryApp;
				PRODUCT_NAME = "$(TARGET_NAME)";
				SWIFT_VERSION = 5.0;
				TARGETED_DEVICE_FAMILY = "1,2";
			};
			name = Release;
		};
/* End XCBuildConfiguration section */

/* Begin XCConfigurationList section */
		58CD48AD279142CD005CB6EB /* Build configuration list for PBXProject "LaundryApp" */ = {
			isa = XCConfigurationList;
			buildConfigurations = (
				58CD48BF279142CF005CB6EB /* Debug */,
				58CD48C0279142CF005CB6EB /* Release */,
			);
			defaultConfigurationIsVisible = 0;
			defaultConfigurationName = Release;
		};
		58CD48C1279142CF005CB6EB /* Build configuration list for PBXNativeTarget "LaundryApp" */ = {
			isa = XCConfigurationList;
			buildConfigurations = (
				58CD48C2279142CF005CB6EB /* Debug */,
				58CD48C3279142CF005CB6EB /* Release */,
			);
			defaultConfigurationIsVisible = 0;
			defaultConfigurationName = Release;
		};
/* End XCConfigurationList section */

/* Begin XCRemoteSwiftPackageReference section */
		58A7B8DD27936CBB00D73A66 /* XCRemoteSwiftPackageReference "firebase-ios-sdk" */ = {
			isa = XCRemoteSwiftPackageReference;
			repositoryURL = "https://github.com/firebase/firebase-ios-sdk";
			requirement = {
				kind = upToNextMajorVersion;
				minimumVersion = 8.10.0;
			};
		};
/* End XCRemoteSwiftPackageReference section */

/* Begin XCSwiftPackageProductDependency section */
		58A7B8DE27936CBB00D73A66 /* FirebaseAuthCombine-Community */ = {
			isa = XCSwiftPackageProductDependency;
			package = 58A7B8DD27936CBB00D73A66 /* XCRemoteSwiftPackageReference "firebase-ios-sdk" */;
			productName = "FirebaseAuthCombine-Community";
		};
		58A7B8E027936CBB00D73A66 /* FirebaseMessaging */ = {
			isa = XCSwiftPackageProductDependency;
			package = 58A7B8DD27936CBB00D73A66 /* XCRemoteSwiftPackageReference "firebase-ios-sdk" */;
			productName = FirebaseMessaging;
		};
		58A7B8E227936CBB00D73A66 /* FirebaseInAppMessagingSwift-Beta */ = {
			isa = XCSwiftPackageProductDependency;
			package = 58A7B8DD27936CBB00D73A66 /* XCRemoteSwiftPackageReference "firebase-ios-sdk" */;
			productName = "FirebaseInAppMessagingSwift-Beta";
		};
		58A7B8E427936CBB00D73A66 /* FirebaseStorageCombine-Community */ = {
			isa = XCSwiftPackageProductDependency;
			package = 58A7B8DD27936CBB00D73A66 /* XCRemoteSwiftPackageReference "firebase-ios-sdk" */;
			productName = "FirebaseStorageCombine-Community";
		};
		58A7B8E627936CBB00D73A66 /* FirebaseStorageSwift-Beta */ = {
			isa = XCSwiftPackageProductDependency;
			package = 58A7B8DD27936CBB00D73A66 /* XCRemoteSwiftPackageReference "firebase-ios-sdk" */;
			productName = "FirebaseStorageSwift-Beta";
		};
		58A7B8E827936CBB00D73A66 /* FirebaseInAppMessaging-Beta */ = {
			isa = XCSwiftPackageProductDependency;
			package = 58A7B8DD27936CBB00D73A66 /* XCRemoteSwiftPackageReference "firebase-ios-sdk" */;
			productName = "FirebaseInAppMessaging-Beta";
		};
		58A7B8EA27936CBB00D73A66 /* FirebaseFirestoreSwift-Beta */ = {
			isa = XCSwiftPackageProductDependency;
			package = 58A7B8DD27936CBB00D73A66 /* XCRemoteSwiftPackageReference "firebase-ios-sdk" */;
			productName = "FirebaseFirestoreSwift-Beta";
		};
		58A7B8EC27936CBB00D73A66 /* FirebaseDatabaseSwift-Beta */ = {
			isa = XCSwiftPackageProductDependency;
			package = 58A7B8DD27936CBB00D73A66 /* XCRemoteSwiftPackageReference "firebase-ios-sdk" */;
			productName = "FirebaseDatabaseSwift-Beta";
		};
		58A7B8EE27936CBB00D73A66 /* FirebaseAnalytics */ = {
			isa = XCSwiftPackageProductDependency;
			package = 58A7B8DD27936CBB00D73A66 /* XCRemoteSwiftPackageReference "firebase-ios-sdk" */;
			productName = FirebaseAnalytics;
		};
		58A7B8F027936CBB00D73A66 /* FirebaseStorage */ = {
			isa = XCSwiftPackageProductDependency;
			package = 58A7B8DD27936CBB00D73A66 /* XCRemoteSwiftPackageReference "firebase-ios-sdk" */;
			productName = FirebaseStorage;
		};
		58A7B8F227936CBB00D73A66 /* FirebaseFirestore */ = {
			isa = XCSwiftPackageProductDependency;
			package = 58A7B8DD27936CBB00D73A66 /* XCRemoteSwiftPackageReference "firebase-ios-sdk" */;
			productName = FirebaseFirestore;
		};
		58A7B8F427936CBB00D73A66 /* FirebaseDatabase */ = {
			isa = XCSwiftPackageProductDependency;
			package = 58A7B8DD27936CBB00D73A66 /* XCRemoteSwiftPackageReference "firebase-ios-sdk" */;
			productName = FirebaseDatabase;
		};
		58A7B8F627936CBB00D73A66 /* FirebaseAuth */ = {
			isa = XCSwiftPackageProductDependency;
			package = 58A7B8DD27936CBB00D73A66 /* XCRemoteSwiftPackageReference "firebase-ios-sdk" */;
			productName = FirebaseAuth;
		};
		58A7B8F827936CBB00D73A66 /* FirebaseFirestoreCombine-Community */ = {
			isa = XCSwiftPackageProductDependency;
			package = 58A7B8DD27936CBB00D73A66 /* XCRemoteSwiftPackageReference "firebase-ios-sdk" */;
			productName = "FirebaseFirestoreCombine-Community";
		};
/* End XCSwiftPackageProductDependency section */
	};
	rootObject = 58CD48AA279142CD005CB6EB /* Project object */;
}
